
Microsoft Visual Studio Solution File, Format Version 12.00
# Visual Studio Version 16
VisualStudioVersion = 16.0.32106.194
MinimumVisualStudioVersion = 10.0.40219.1
Project("{9A19103F-16F7-4668-BE54-9A1E7A4F7556}") = "Entity", "Entity\Entity.csproj", "{0A718BF4-69F9-488F-8075-E53934FB3300}"
EndProject
Project("{9A19103F-16F7-4668-BE54-9A1E7A4F7556}") = "Data", "Data\Data.csproj", "{0A1D0FF2-8705-44D6-91D8-D3FC47D76AD8}"
EndProject
Project("{9A19103F-16F7-4668-BE54-9A1E7A4F7556}") = "Business", "Business\Business.csproj", "{D9588492-AF78-4550-B059-9DA2478797E5}"
EndProject
Project("{9A19103F-16F7-4668-BE54-9A1E7A4F7556}") = "HomeUI", "HomeUI\HomeUI.csproj", "{F4B9F6AE-D97E-4989-BB69-0FBC30E11C13}"
EndProject
Project("{9A19103F-16F7-4668-BE54-9A1E7A4F7556}") = "Home.Api", "Home.Api\Home.Api.csproj", "{DEC4C942-A12A-46B7-99BD-AF2C7B63C818}"
EndProject
Global
	GlobalSection(SolutionConfigurationPlatforms) = preSolution
		Debug|Any CPU = Debug|Any CPU
		Release|Any CPU = Release|Any CPU
	EndGlobalSection
	GlobalSection(ProjectConfigurationPlatforms) = postSolution
		{0A718BF4-69F9-488F-8075-E53934FB3300}.Debug|Any CPU.ActiveCfg = Debug|Any CPU
		{0A718BF4-69F9-488F-8075-E53934FB3300}.Debug|Any CPU.Build.0 = Debug|Any CPU
		{0A718BF4-69F9-488F-8075-E53934FB3300}.Release|Any CPU.ActiveCfg = Release|Any CPU
		{0A718BF4-69F9-488F-8075-E53934FB3300}.Release|Any CPU.Build.0 = Release|Any CPU
		{0A1D0FF2-8705-44D6-91D8-D3FC47D76AD8}.Debug|Any CPU.ActiveCfg = Debug|Any CPU
		{0A1D0FF2-8705-44D6-91D8-D3FC47D76AD8}.Debug|Any CPU.Build.0 = Debug|Any CPU
		{0A1D0FF2-8705-44D6-91D8-D3FC47D76AD8}.Release|Any CPU.ActiveCfg = Release|Any CPU
		{0A1D0FF2-8705-44D6-91D8-D3FC47D76AD8}.Release|Any CPU.Build.0 = Release|Any CPU
		{D9588492-AF78-4550-B059-9DA2478797E5}.Debug|Any CPU.ActiveCfg = Debug|Any CPU
		{D9588492-AF78-4550-B059-9DA2478797E5}.Debug|Any CPU.Build.0 = Debug|Any CPU
		{D9588492-AF78-4550-B059-9DA2478797E5}.Release|Any CPU.ActiveCfg = Release|Any CPU
		{D9588492-AF78-4550-B059-9DA2478797E5}.Release|Any CPU.Build.0 = Release|Any CPU
		{F4B9F6AE-D97E-4989-BB69-0FBC30E11C13}.Debug|Any CPU.ActiveCfg = Debug|Any CPU
		{F4B9F6AE-D97E-4989-BB69-0FBC30E11C13}.Debug|Any CPU.Build.0 = Debug|Any CPU
		{F4B9F6AE-D97E-4989-BB69-0FBC30E11C13}.Release|Any CPU.ActiveCfg = Release|Any CPU
		{F4B9F6AE-D97E-4989-BB69-0FBC30E11C13}.Release|Any CPU.Build.0 = Release|Any CPU
		{DEC4C942-A12A-46B7-99BD-AF2C7B63C818}.Debug|Any CPU.ActiveCfg = Debug|Any CPU
		{DEC4C942-A12A-46B7-99BD-AF2C7B63C818}.Debug|Any CPU.Build.0 = Debug|Any CPU
		{DEC4C942-A12A-46B7-99BD-AF2C7B63C818}.Release|Any CPU.ActiveCfg = Release|Any CPU
		{DEC4C942-A12A-46B7-99BD-AF2C7B63C818}.Release|Any CPU.Build.0 = Release|Any CPU
	EndGlobalSection
	GlobalSection(SolutionProperties) = preSolution
		HideSolutionNode = FALSE
	EndGlobalSection
	GlobalSection(ExtensibilityGlobals) = postSolution
		SolutionGuid = {C5C01852-D055-44B1-ABBA-B7055019B93F}
	EndGlobalSection
EndGlobal
